
Microsoft Visual Studio Solution File, Format Version 12.00
# Visual Studio Version 16
VisualStudioVersion = 16.0.31112.23
MinimumVisualStudioVersion = 10.0.40219.1
Project("{FAE04EC0-301F-11D3-BF4B-00C04F79EFBC}") = "ValidationHandling", "ValidationHandling.csproj", "{634C91EA-1C08-4B56-948E-559096D9E379}"
EndProject
Global
	GlobalSection(SolutionConfigurationPlatforms) = preSolution
		Debug|Any CPU = Debug|Any CPU
		Release|Any CPU = Release|Any CPU
	EndGlobalSection
	GlobalSection(ProjectConfigurationPlatforms) = postSolution
		{634C91EA-1C08-4B56-948E-559096D9E379}.Debug|Any CPU.ActiveCfg = Debug|Any CPU
		{634C91EA-1C08-4B56-948E-559096D9E379}.Debug|Any CPU.Build.0 = Debug|Any CPU
		{634C91EA-1C08-4B56-948E-559096D9E379}.Release|Any CPU.ActiveCfg = Release|Any CPU
		{634C91EA-1C08-4B56-948E-559096D9E379}.Release|Any CPU.Build.0 = Release|Any CPU
	EndGlobalSection
	GlobalSection(SolutionProperties) = preSolution
		HideSolutionNode = FALSE
	EndGlobalSection
	GlobalSection(ExtensibilityGlobals) = postSolution
		SolutionGuid = {9360B861-7063-41F0-B70C-89BA4E4EB689}
	EndGlobalSection
EndGlobal
