
Microsoft Visual Studio Solution File, Format Version 12.00
# Visual Studio Version 16
VisualStudioVersion = 16.0.31129.286
MinimumVisualStudioVersion = 10.0.40219.1
Project("{FAE04EC0-301F-11D3-BF4B-00C04F79EFBC}") = "Block1Uebung3", "Block1Uebung3.csproj", "{7765158E-7B1C-48F8-808B-229C8A96B679}"
EndProject
Global
	GlobalSection(SolutionConfigurationPlatforms) = preSolution
		Debug|Any CPU = Debug|Any CPU
		Release|Any CPU = Release|Any CPU
	EndGlobalSection
	GlobalSection(ProjectConfigurationPlatforms) = postSolution
		{7765158E-7B1C-48F8-808B-229C8A96B679}.Debug|Any CPU.ActiveCfg = Debug|Any CPU
		{7765158E-7B1C-48F8-808B-229C8A96B679}.Debug|Any CPU.Build.0 = Debug|Any CPU
		{7765158E-7B1C-48F8-808B-229C8A96B679}.Release|Any CPU.ActiveCfg = Release|Any CPU
		{7765158E-7B1C-48F8-808B-229C8A96B679}.Release|Any CPU.Build.0 = Release|Any CPU
	EndGlobalSection
	GlobalSection(SolutionProperties) = preSolution
		HideSolutionNode = FALSE
	EndGlobalSection
	GlobalSection(ExtensibilityGlobals) = postSolution
		SolutionGuid = {11037327-7E20-41CA-84FE-0E71C693E278}
	EndGlobalSection
EndGlobal
