
Microsoft Visual Studio Solution File, Format Version 12.00
# Visual Studio Version 16
VisualStudioVersion = 16.0.31129.286
MinimumVisualStudioVersion = 10.0.40219.1
Project("{FAE04EC0-301F-11D3-BF4B-00C04F79EFBC}") = "Block1Uebung4", "Block1Uebung4.csproj", "{B6FC1330-ABFA-46E9-A222-822CB6E40BBC}"
EndProject
Global
	GlobalSection(SolutionConfigurationPlatforms) = preSolution
		Debug|Any CPU = Debug|Any CPU
		Release|Any CPU = Release|Any CPU
	EndGlobalSection
	GlobalSection(ProjectConfigurationPlatforms) = postSolution
		{B6FC1330-ABFA-46E9-A222-822CB6E40BBC}.Debug|Any CPU.ActiveCfg = Debug|Any CPU
		{B6FC1330-ABFA-46E9-A222-822CB6E40BBC}.Debug|Any CPU.Build.0 = Debug|Any CPU
		{B6FC1330-ABFA-46E9-A222-822CB6E40BBC}.Release|Any CPU.ActiveCfg = Release|Any CPU
		{B6FC1330-ABFA-46E9-A222-822CB6E40BBC}.Release|Any CPU.Build.0 = Release|Any CPU
	EndGlobalSection
	GlobalSection(SolutionProperties) = preSolution
		HideSolutionNode = FALSE
	EndGlobalSection
	GlobalSection(ExtensibilityGlobals) = postSolution
		SolutionGuid = {6154FF51-2A47-45D7-8A3C-9BE94E9D3D03}
	EndGlobalSection
EndGlobal
